
Microsoft Visual Studio Solution File, Format Version 12.00
# Visual Studio Version 16
VisualStudioVersion = 16.0.31702.278
MinimumVisualStudioVersion = 10.0.40219.1
Project("{FAE04EC0-301F-11D3-BF4B-00C04F79EFBC}") = "Task 1.1.7 ARRAY PROCESSING", "Task 1.1.7 ARRAY PROCESSING.csproj", "{4961080B-A0A4-4AFD-BF81-CC2DFB45A45C}"
EndProject
Global
	GlobalSection(SolutionConfigurationPlatforms) = preSolution
		Debug|Any CPU = Debug|Any CPU
		Release|Any CPU = Release|Any CPU
	EndGlobalSection
	GlobalSection(ProjectConfigurationPlatforms) = postSolution
		{4961080B-A0A4-4AFD-BF81-CC2DFB45A45C}.Debug|Any CPU.ActiveCfg = Debug|Any CPU
		{4961080B-A0A4-4AFD-BF81-CC2DFB45A45C}.Debug|Any CPU.Build.0 = Debug|Any CPU
		{4961080B-A0A4-4AFD-BF81-CC2DFB45A45C}.Release|Any CPU.ActiveCfg = Release|Any CPU
		{4961080B-A0A4-4AFD-BF81-CC2DFB45A45C}.Release|Any CPU.Build.0 = Release|Any CPU
	EndGlobalSection
	GlobalSection(SolutionProperties) = preSolution
		HideSolutionNode = FALSE
	EndGlobalSection
	GlobalSection(ExtensibilityGlobals) = postSolution
		SolutionGuid = {5D47B804-1D13-495B-8A8A-4F1FC449C037}
	EndGlobalSection
EndGlobal
